
Microsoft Visual Studio Solution File, Format Version 12.00
# Visual Studio Version 16
VisualStudioVersion = 16.0.29709.97
MinimumVisualStudioVersion = 10.0.40219.1
Project("{8BC9CEB8-8B4A-11D0-8D11-00A0C91BC942}") = "FuncHooker", "FuncHooker\FuncHooker.vcxproj", "{FAC84917-1DB4-4210-9172-1A7352BBBF03}"
EndProject
Project("{2150E333-8FDC-42A3-9474-1A3956D46DE8}") = "external", "external", "{97645E1D-80C8-46F3-94DB-9791E9483A95}"
EndProject
Project("{8BC9CEB8-8B4A-11D0-8D11-00A0C91BC942}") = "zydis", "external\zydis\zydis.vcxproj", "{88A23124-5640-35A0-B890-311D7A67A7D2}"
EndProject
Project("{8BC9CEB8-8B4A-11D0-8D11-00A0C91BC942}") = "TestInProcess", "TestInProcess\TestInProcess.vcxproj", "{60A1CD13-38AD-4002-861E-86700C980413}"
EndProject
Global
	GlobalSection(SolutionConfigurationPlatforms) = preSolution
		Debug|x64 = Debug|x64
		Debug|x86 = Debug|x86
		Release|x64 = Release|x64
		Release|x86 = Release|x86
	EndGlobalSection
	GlobalSection(ProjectConfigurationPlatforms) = postSolution
		{FAC84917-1DB4-4210-9172-1A7352BBBF03}.Debug|x64.ActiveCfg = Debug|x64
		{FAC84917-1DB4-4210-9172-1A7352BBBF03}.Debug|x64.Build.0 = Debug|x64
		{FAC84917-1DB4-4210-9172-1A7352BBBF03}.Debug|x86.ActiveCfg = Debug|Win32
		{FAC84917-1DB4-4210-9172-1A7352BBBF03}.Debug|x86.Build.0 = Debug|Win32
		{FAC84917-1DB4-4210-9172-1A7352BBBF03}.Release|x64.ActiveCfg = Release|x64
		{FAC84917-1DB4-4210-9172-1A7352BBBF03}.Release|x64.Build.0 = Release|x64
		{FAC84917-1DB4-4210-9172-1A7352BBBF03}.Release|x86.ActiveCfg = Release|Win32
		{FAC84917-1DB4-4210-9172-1A7352BBBF03}.Release|x86.Build.0 = Release|Win32
		{88A23124-5640-35A0-B890-311D7A67A7D2}.Debug|x64.ActiveCfg = Debug|x64
		{88A23124-5640-35A0-B890-311D7A67A7D2}.Debug|x64.Build.0 = Debug|x64
		{88A23124-5640-35A0-B890-311D7A67A7D2}.Debug|x86.ActiveCfg = Debug|Win32
		{88A23124-5640-35A0-B890-311D7A67A7D2}.Debug|x86.Build.0 = Debug|Win32
		{88A23124-5640-35A0-B890-311D7A67A7D2}.Release|x64.ActiveCfg = Release|x64
		{88A23124-5640-35A0-B890-311D7A67A7D2}.Release|x64.Build.0 = Release|x64
		{88A23124-5640-35A0-B890-311D7A67A7D2}.Release|x86.ActiveCfg = Release|Win32
		{88A23124-5640-35A0-B890-311D7A67A7D2}.Release|x86.Build.0 = Release|Win32
		{60A1CD13-38AD-4002-861E-86700C980413}.Debug|x64.ActiveCfg = Debug|x64
		{60A1CD13-38AD-4002-861E-86700C980413}.Debug|x64.Build.0 = Debug|x64
		{60A1CD13-38AD-4002-861E-86700C980413}.Debug|x86.ActiveCfg = Debug|Win32
		{60A1CD13-38AD-4002-861E-86700C980413}.Debug|x86.Build.0 = Debug|Win32
		{60A1CD13-38AD-4002-861E-86700C980413}.Release|x64.ActiveCfg = Release|x64
		{60A1CD13-38AD-4002-861E-86700C980413}.Release|x64.Build.0 = Release|x64
		{60A1CD13-38AD-4002-861E-86700C980413}.Release|x86.ActiveCfg = Release|Win32
		{60A1CD13-38AD-4002-861E-86700C980413}.Release|x86.Build.0 = Release|Win32
	EndGlobalSection
	GlobalSection(SolutionProperties) = preSolution
		HideSolutionNode = FALSE
	EndGlobalSection
	GlobalSection(NestedProjects) = preSolution
		{88A23124-5640-35A0-B890-311D7A67A7D2} = {97645E1D-80C8-46F3-94DB-9791E9483A95}
	EndGlobalSection
	GlobalSection(ExtensibilityGlobals) = postSolution
		SolutionGuid = {095EE872-C75D-424C-AA95-5F349E6B2F05}
	EndGlobalSection
EndGlobal
